// !$*UTF8*$!
{
	archiveVersion = 1;
	classes = {
	};
	objectVersion = 48;
	objects = {

/* Begin PBXBuildFile section */
		8B4CE4201FAACCFF00DE786E /* GoalCell.swift in Sources */ = {isa = PBXBuildFile; fileRef = 8B4CE41F1FAACCFF00DE786E /* GoalCell.swift */; };
		8B4CE4221FAAD94A00DE786E /* GoalType.swift in Sources */ = {isa = PBXBuildFile; fileRef = 8B4CE4211FAAD94A00DE786E /* GoalType.swift */; };
		8B4CE4241FAADDF900DE786E /* CreateGoalVC.swift in Sources */ = {isa = PBXBuildFile; fileRef = 8B4CE4231FAADDF900DE786E /* CreateGoalVC.swift */; };
		8B606A411FAAFD0000113F72 /* UIViewControllerExt.swift in Sources */ = {isa = PBXBuildFile; fileRef = 8B606A401FAAFD0000113F72 /* UIViewControllerExt.swift */; };
		8B606A431FAAFFBE00113F72 /* UIViewExt.swift in Sources */ = {isa = PBXBuildFile; fileRef = 8B606A421FAAFFBE00113F72 /* UIViewExt.swift */; };
		8B606A451FAB02BA00113F72 /* UIButtonExt.swift in Sources */ = {isa = PBXBuildFile; fileRef = 8B606A441FAB02BA00113F72 /* UIButtonExt.swift */; };
		8B606A471FAB05FE00113F72 /* FinishGoalVC.swift in Sources */ = {isa = PBXBuildFile; fileRef = 8B606A461FAB05FE00113F72 /* FinishGoalVC.swift */; };
		8B785C441FAA3F3100857013 /* AppDelegate.swift in Sources */ = {isa = PBXBuildFile; fileRef = 8B785C431FAA3F3100857013 /* AppDelegate.swift */; };
		8B785C461FAA3F3100857013 /* GoalsVC.swift in Sources */ = {isa = PBXBuildFile; fileRef = 8B785C451FAA3F3100857013 /* GoalsVC.swift */; };
		8B785C491FAA3F3100857013 /* Main.storyboard in Resources */ = {isa = PBXBuildFile; fileRef = 8B785C471FAA3F3100857013 /* Main.storyboard */; };
		8B785C4C1FAA3F3100857013 /* goal_post.xcdatamodeld in Sources */ = {isa = PBXBuildFile; fileRef = 8B785C4A1FAA3F3100857013 /* goal_post.xcdatamodeld */; };
		8B785C4E1FAA3F3100857013 /* Assets.xcassets in Resources */ = {isa = PBXBuildFile; fileRef = 8B785C4D1FAA3F3100857013 /* Assets.xcassets */; };
		8B785C511FAA3F3100857013 /* LaunchScreen.storyboard in Resources */ = {isa = PBXBuildFile; fileRef = 8B785C4F1FAA3F3100857013 /* LaunchScreen.storyboard */; };
/* End PBXBuildFile section */

/* Begin PBXFileReference section */
		8B4CE41F1FAACCFF00DE786E /* GoalCell.swift */ = {isa = PBXFileReference; lastKnownFileType = sourcecode.swift; path = GoalCell.swift; sourceTree = "<group>"; };
		8B4CE4211FAAD94A00DE786E /* GoalType.swift */ = {isa = PBXFileReference; lastKnownFileType = sourcecode.swift; path = GoalType.swift; sourceTree = "<group>"; };
		8B4CE4231FAADDF900DE786E /* CreateGoalVC.swift */ = {isa = PBXFileReference; lastKnownFileType = sourcecode.swift; path = CreateGoalVC.swift; sourceTree = "<group>"; };
		8B606A401FAAFD0000113F72 /* UIViewControllerExt.swift */ = {isa = PBXFileReference; lastKnownFileType = sourcecode.swift; path = UIViewControllerExt.swift; sourceTree = "<group>"; };
		8B606A421FAAFFBE00113F72 /* UIViewExt.swift */ = {isa = PBXFileReference; lastKnownFileType = sourcecode.swift; path = UIViewExt.swift; sourceTree = "<group>"; };
		8B606A441FAB02BA00113F72 /* UIButtonExt.swift */ = {isa = PBXFileReference; lastKnownFileType = sourcecode.swift; path = UIButtonExt.swift; sourceTree = "<group>"; };
		8B606A461FAB05FE00113F72 /* FinishGoalVC.swift */ = {isa = PBXFileReference; lastKnownFileType = sourcecode.swift; path = FinishGoalVC.swift; sourceTree = "<group>"; };
		8B785C401FAA3F3100857013 /* goal-post.app */ = {isa = PBXFileReference; explicitFileType = wrapper.application; includeInIndex = 0; path = "goal-post.app"; sourceTree = BUILT_PRODUCTS_DIR; };
		8B785C431FAA3F3100857013 /* AppDelegate.swift */ = {isa = PBXFileReference; lastKnownFileType = sourcecode.swift; path = AppDelegate.swift; sourceTree = "<group>"; };
		8B785C451FAA3F3100857013 /* GoalsVC.swift */ = {isa = PBXFileReference; lastKnownFileType = sourcecode.swift; path = GoalsVC.swift; sourceTree = "<group>"; };
		8B785C481FAA3F3100857013 /* Base */ = {isa = PBXFileReference; lastKnownFileType = file.storyboard; name = Base; path = Base.lproj/Main.storyboard; sourceTree = "<group>"; };
		8B785C4B1FAA3F3100857013 /* goal_post.xcdatamodel */ = {isa = PBXFileReference; lastKnownFileType = wrapper.xcdatamodel; path = goal_post.xcdatamodel; sourceTree = "<group>"; };
		8B785C4D1FAA3F3100857013 /* Assets.xcassets */ = {isa = PBXFileReference; lastKnownFileType = folder.assetcatalog; path = Assets.xcassets; sourceTree = "<group>"; };
		8B785C501FAA3F3100857013 /* Base */ = {isa = PBXFileReference; lastKnownFileType = file.storyboard; name = Base; path = Base.lproj/LaunchScreen.storyboard; sourceTree = "<group>"; };
		8B785C521FAA3F3100857013 /* Info.plist */ = {isa = PBXFileReference; lastKnownFileType = text.plist.xml; path = Info.plist; sourceTree = "<group>"; };
/* End PBXFileReference section */

/* Begin PBXFrameworksBuildPhase section */
		8B785C3D1FAA3F3100857013 /* Frameworks */ = {
			isa = PBXFrameworksBuildPhase;
			buildActionMask = 2147483647;
			files = (
			);
			runOnlyForDeploymentPostprocessing = 0;
		};
/* End PBXFrameworksBuildPhase section */

/* Begin PBXGroup section */
		8B785C371FAA3F3000857013 = {
			isa = PBXGroup;
			children = (
				8B785C421FAA3F3100857013 /* goal-post */,
				8B785C411FAA3F3100857013 /* Products */,
			);
			sourceTree = "<group>";
		};
		8B785C411FAA3F3100857013 /* Products */ = {
			isa = PBXGroup;
			children = (
				8B785C401FAA3F3100857013 /* goal-post.app */,
			);
			name = Products;
			sourceTree = "<group>";
		};
		8B785C421FAA3F3100857013 /* goal-post */ = {
			isa = PBXGroup;
			children = (
				8B785C5B1FAA3F8400857013 /* Extensions */,
				8B785C5A1FAA3F7200857013 /* Enums */,
				8B785C591FAA3F6900857013 /* View */,
				8B785C581FAA3F5500857013 /* Controller */,
				8B785C431FAA3F3100857013 /* AppDelegate.swift */,
				8B785C471FAA3F3100857013 /* Main.storyboard */,
				8B785C4D1FAA3F3100857013 /* Assets.xcassets */,
				8B785C4F1FAA3F3100857013 /* LaunchScreen.storyboard */,
				8B785C521FAA3F3100857013 /* Info.plist */,
				8B785C4A1FAA3F3100857013 /* goal_post.xcdatamodeld */,
			);
			path = "goal-post";
			sourceTree = "<group>";
		};
		8B785C581FAA3F5500857013 /* Controller */ = {
			isa = PBXGroup;
			children = (
				8B785C451FAA3F3100857013 /* GoalsVC.swift */,
				8B4CE4231FAADDF900DE786E /* CreateGoalVC.swift */,
				8B606A461FAB05FE00113F72 /* FinishGoalVC.swift */,
			);
			path = Controller;
			sourceTree = "<group>";
		};
		8B785C591FAA3F6900857013 /* View */ = {
			isa = PBXGroup;
			children = (
				8B4CE41F1FAACCFF00DE786E /* GoalCell.swift */,
			);
			path = View;
			sourceTree = "<group>";
		};
		8B785C5A1FAA3F7200857013 /* Enums */ = {
			isa = PBXGroup;
			children = (
				8B4CE4211FAAD94A00DE786E /* GoalType.swift */,
			);
			path = Enums;
			sourceTree = "<group>";
		};
		8B785C5B1FAA3F8400857013 /* Extensions */ = {
			isa = PBXGroup;
			children = (
				8B606A401FAAFD0000113F72 /* UIViewControllerExt.swift */,
				8B606A421FAAFFBE00113F72 /* UIViewExt.swift */,
				8B606A441FAB02BA00113F72 /* UIButtonExt.swift */,
			);
			path = Extensions;
			sourceTree = "<group>";
		};
/* End PBXGroup section */

/* Begin PBXNativeTarget section */
		8B785C3F1FAA3F3100857013 /* goal-post */ = {
			isa = PBXNativeTarget;
			buildConfigurationList = 8B785C551FAA3F3100857013 /* Build configuration list for PBXNativeTarget "goal-post" */;
			buildPhases = (
				8B785C3C1FAA3F3100857013 /* Sources */,
				8B785C3D1FAA3F3100857013 /* Frameworks */,
				8B785C3E1FAA3F3100857013 /* Resources */,
			);
			buildRules = (
			);
			dependencies = (
			);
			name = "goal-post";
			productName = "goal-post";
			productReference = 8B785C401FAA3F3100857013 /* goal-post.app */;
			productType = "com.apple.product-type.application";
		};
/* End PBXNativeTarget section */

/* Begin PBXProject section */
		8B785C381FAA3F3000857013 /* Project object */ = {
			isa = PBXProject;
			attributes = {
				LastSwiftUpdateCheck = 0900;
				LastUpgradeCheck = 0900;
				ORGANIZATIONNAME = PLIDS;
				TargetAttributes = {
					8B785C3F1FAA3F3100857013 = {
						CreatedOnToolsVersion = 9.0.1;
						ProvisioningStyle = Automatic;
					};
				};
			};
			buildConfigurationList = 8B785C3B1FAA3F3000857013 /* Build configuration list for PBXProject "goal-post" */;
			compatibilityVersion = "Xcode 8.0";
			developmentRegion = en;
			hasScannedForEncodings = 0;
			knownRegions = (
				en,
				Base,
			);
			mainGroup = 8B785C371FAA3F3000857013;
			productRefGroup = 8B785C411FAA3F3100857013 /* Products */;
			projectDirPath = "";
			projectRoot = "";
			targets = (
				8B785C3F1FAA3F3100857013 /* goal-post */,
			);
		};
/* End PBXProject section */

/* Begin PBXResourcesBuildPhase section */
		8B785C3E1FAA3F3100857013 /* Resources */ = {
			isa = PBXResourcesBuildPhase;
			buildActionMask = 2147483647;
			files = (
				8B785C511FAA3F3100857013 /* LaunchScreen.storyboard in Resources */,
				8B785C4E1FAA3F3100857013 /* Assets.xcassets in Resources */,
				8B785C491FAA3F3100857013 /* Main.storyboard in Resources */,
			);
			runOnlyForDeploymentPostprocessing = 0;
		};
/* End PBXResourcesBuildPhase section */

/* Begin PBXSourcesBuildPhase section */
		8B785C3C1FAA3F3100857013 /* Sources */ = {
			isa = PBXSourcesBuildPhase;
			buildActionMask = 2147483647;
			files = (
				8B4CE4201FAACCFF00DE786E /* GoalCell.swift in Sources */,
				8B4CE4241FAADDF900DE786E /* CreateGoalVC.swift in Sources */,
				8B4CE4221FAAD94A00DE786E /* GoalType.swift in Sources */,
				8B785C461FAA3F3100857013 /* GoalsVC.swift in Sources */,
				8B606A431FAAFFBE00113F72 /* UIViewExt.swift in Sources */,
				8B785C441FAA3F3100857013 /* AppDelegate.swift in Sources */,
				8B606A411FAAFD0000113F72 /* UIViewControllerExt.swift in Sources */,
				8B606A451FAB02BA00113F72 /* UIButtonExt.swift in Sources */,
				8B606A471FAB05FE00113F72 /* FinishGoalVC.swift in Sources */,
				8B785C4C1FAA3F3100857013 /* goal_post.xcdatamodeld in Sources */,
			);
			runOnlyForDeploymentPostprocessing = 0;
		};
/* End PBXSourcesBuildPhase section */

/* Begin PBXVariantGroup section */
		8B785C471FAA3F3100857013 /* Main.storyboard */ = {
			isa = PBXVariantGroup;
			children = (
				8B785C481FAA3F3100857013 /* Base */,
			);
			name = Main.storyboard;
			sourceTree = "<group>";
		};
		8B785C4F1FAA3F3100857013 /* LaunchScreen.storyboard */ = {
			isa = PBXVariantGroup;
			children = (
				8B785C501FAA3F3100857013 /* Base */,
			);
			name = LaunchScreen.storyboard;
			sourceTree = "<group>";
		};
/* End PBXVariantGroup section */

/* Begin XCBuildConfiguration section */
		8B785C531FAA3F3100857013 /* Debug */ = {
			isa = XCBuildConfiguration;
			buildSettings = {
				ALWAYS_SEARCH_USER_PATHS = NO;
				CLANG_ANALYZER_NONNULL = YES;
				CLANG_ANALYZER_NUMBER_OBJECT_CONVERSION = YES_AGGRESSIVE;
				CLANG_CXX_LANGUAGE_STANDARD = "gnu++14";
				CLANG_CXX_LIBRARY = "libc++";
				CLANG_ENABLE_MODULES = YES;
				CLANG_ENABLE_OBJC_ARC = YES;
				CLANG_WARN_BLOCK_CAPTURE_AUTORELEASING = YES;
				CLANG_WARN_BOOL_CONVERSION = YES;
				CLANG_WARN_COMMA = YES;
				CLANG_WARN_CONSTANT_CONVERSION = YES;
				CLANG_WARN_DIRECT_OBJC_ISA_USAGE = YES_ERROR;
				CLANG_WARN_DOCUMENTATION_COMMENTS = YES;
				CLANG_WARN_EMPTY_BODY = YES;
				CLANG_WARN_ENUM_CONVERSION = YES;
				CLANG_WARN_INFINITE_RECURSION = YES;
				CLANG_WARN_INT_CONVERSION = YES;
				CLANG_WARN_NON_LITERAL_NULL_CONVERSION = YES;
				CLANG_WARN_OBJC_LITERAL_CONVERSION = YES;
				CLANG_WARN_OBJC_ROOT_CLASS = YES_ERROR;
				CLANG_WARN_RANGE_LOOP_ANALYSIS = YES;
				CLANG_WARN_STRICT_PROTOTYPES = YES;
				CLANG_WARN_SUSPICIOUS_MOVE = YES;
				CLANG_WARN_UNGUARDED_AVAILABILITY = YES_AGGRESSIVE;
				CLANG_WARN_UNREACHABLE_CODE = YES;
				CLANG_WARN__DUPLICATE_METHOD_MATCH = YES;
				CODE_SIGN_IDENTITY = "iPhone Developer";
				COPY_PHASE_STRIP = NO;
				DEBUG_INFORMATION_FORMAT = dwarf;
				ENABLE_STRICT_OBJC_MSGSEND = YES;
				ENABLE_TESTABILITY = YES;
				GCC_C_LANGUAGE_STANDARD = gnu11;
				GCC_DYNAMIC_NO_PIC = NO;
				GCC_NO_COMMON_BLOCKS = YES;
				GCC_OPTIMIZATION_LEVEL = 0;
				GCC_PREPROCESSOR_DEFINITIONS = (
					"DEBUG=1",
					"$(inherited)",
				);
				GCC_WARN_64_TO_32_BIT_CONVERSION = YES;
				GCC_WARN_ABOUT_RETURN_TYPE = YES_ERROR;
				GCC_WARN_UNDECLARED_SELECTOR = YES;
				GCC_WARN_UNINITIALIZED_AUTOS = YES_AGGRESSIVE;
				GCC_WARN_UNUSED_FUNCTION = YES;
				GCC_WARN_UNUSED_VARIABLE = YES;
				IPHONEOS_DEPLOYMENT_TARGET = 11.0;
				MTL_ENABLE_DEBUG_INFO = YES;
				ONLY_ACTIVE_ARCH = YES;
				SDKROOT = iphoneos;
				SWIFT_ACTIVE_COMPILATION_CONDITIONS = DEBUG;
				SWIFT_OPTIMIZATION_LEVEL = "-Onone";
			};
			name = Debug;
		};
		8B785C541FAA3F3100857013 /* Release */ = {
			isa = XCBuildConfiguration;
			buildSettings = {
				ALWAYS_SEARCH_USER_PATHS = NO;
				CLANG_ANALYZER_NONNULL = YES;
				CLANG_ANALYZER_NUMBER_OBJECT_CONVERSION = YES_AGGRESSIVE;
				CLANG_CXX_LANGUAGE_STANDARD = "gnu++14";
				CLANG_CXX_LIBRARY = "libc++";
				CLANG_ENABLE_MODULES = YES;
				CLANG_ENABLE_OBJC_ARC = YES;
				CLANG_WARN_BLOCK_CAPTURE_AUTORELEASING = YES;
				CLANG_WARN_BOOL_CONVERSION = YES;
				CLANG_WARN_COMMA = YES;
				CLANG_WARN_CONSTANT_CONVERSION = YES;
				CLANG_WARN_DIRECT_OBJC_ISA_USAGE = YES_ERROR;
				CLANG_WARN_DOCUMENTATION_COMMENTS = YES;
				CLANG_WARN_EMPTY_BODY = YES;
				CLANG_WARN_ENUM_CONVERSION = YES;
				CLANG_WARN_INFINITE_RECURSION = YES;
				CLANG_WARN_INT_CONVERSION = YES;
				CLANG_WARN_NON_LITERAL_NULL_CONVERSION = YES;
				CLANG_WARN_OBJC_LITERAL_CONVERSION = YES;
				CLANG_WARN_OBJC_ROOT_CLASS = YES_ERROR;
				CLANG_WARN_RANGE_LOOP_ANALYSIS = YES;
				CLANG_WARN_STRICT_PROTOTYPES = YES;
				CLANG_WARN_SUSPICIOUS_MOVE = YES;
				CLANG_WARN_UNGUARDED_AVAILABILITY = YES_AGGRESSIVE;
				CLANG_WARN_UNREACHABLE_CODE = YES;
				CLANG_WARN__DUPLICATE_METHOD_MATCH = YES;
				CODE_SIGN_IDENTITY = "iPhone Developer";
				COPY_PHASE_STRIP = NO;
				DEBUG_INFORMATION_FORMAT = "dwarf-with-dsym";
				ENABLE_NS_ASSERTIONS = NO;
				ENABLE_STRICT_OBJC_MSGSEND = YES;
				GCC_C_LANGUAGE_STANDARD = gnu11;
				GCC_NO_COMMON_BLOCKS = YES;
				GCC_WARN_64_TO_32_BIT_CONVERSION = YES;
				GCC_WARN_ABOUT_RETURN_TYPE = YES_ERROR;
				GCC_WARN_UNDECLARED_SELECTOR = YES;
				GCC_WARN_UNINITIALIZED_AUTOS = YES_AGGRESSIVE;
				GCC_WARN_UNUSED_FUNCTION = YES;
				GCC_WARN_UNUSED_VARIABLE = YES;
				IPHONEOS_DEPLOYMENT_TARGET = 11.0;
				MTL_ENABLE_DEBUG_INFO = NO;
				SDKROOT = iphoneos;
				SWIFT_OPTIMIZATION_LEVEL = "-Owholemodule";
				VALIDATE_PRODUCT = YES;
			};
			name = Release;
		};
		8B785C561FAA3F3100857013 /* Debug */ = {
			isa = XCBuildConfiguration;
			buildSettings = {
				ASSETCATALOG_COMPILER_APPICON_NAME = AppIcon;
				CODE_SIGN_STYLE = Automatic;
				DEVELOPMENT_TEAM = Z2EU36AEXG;
				INFOPLIST_FILE = "goal-post/Info.plist";
				LD_RUNPATH_SEARCH_PATHS = "$(inherited) @executable_path/Frameworks";
				PRODUCT_BUNDLE_IDENTIFIER = "com.plids.training.goal-post";
				PRODUCT_NAME = "$(TARGET_NAME)";
				SWIFT_VERSION = 4.0;
				TARGETED_DEVICE_FAMILY = "1,2";
			};
			name = Debug;
		};
		8B785C571FAA3F3100857013 /* Release */ = {
			isa = XCBuildConfiguration;
			buildSettings = {
				ASSETCATALOG_COMPILER_APPICON_NAME = AppIcon;
				CODE_SIGN_STYLE = Automatic;
				DEVELOPMENT_TEAM = Z2EU36AEXG;
				INFOPLIST_FILE = "goal-post/Info.plist";
				LD_RUNPATH_SEARCH_PATHS = "$(inherited) @executable_path/Frameworks";
				PRODUCT_BUNDLE_IDENTIFIER = "com.plids.training.goal-post";
				PRODUCT_NAME = "$(TARGET_NAME)";
				SWIFT_VERSION = 4.0;
				TARGETED_DEVICE_FAMILY = "1,2";
			};
			name = Release;
		};
/* End XCBuildConfiguration section */

/* Begin XCConfigurationList section */
		8B785C3B1FAA3F3000857013 /* Build configuration list for PBXProject "goal-post" */ = {
			isa = XCConfigurationList;
			buildConfigurations = (
				8B785C531FAA3F3100857013 /* Debug */,
				8B785C541FAA3F3100857013 /* Release */,
			);
			defaultConfigurationIsVisible = 0;
			defaultConfigurationName = Release;
		};
		8B785C551FAA3F3100857013 /* Build configuration list for PBXNativeTarget "goal-post" */ = {
			isa = XCConfigurationList;
			buildConfigurations = (
				8B785C561FAA3F3100857013 /* Debug */,
				8B785C571FAA3F3100857013 /* Release */,
			);
			defaultConfigurationIsVisible = 0;
			defaultConfigurationName = Release;
		};
/* End XCConfigurationList section */

/* Begin XCVersionGroup section */
		8B785C4A1FAA3F3100857013 /* goal_post.xcdatamodeld */ = {
			isa = XCVersionGroup;
			children = (
				8B785C4B1FAA3F3100857013 /* goal_post.xcdatamodel */,
			);
			currentVersion = 8B785C4B1FAA3F3100857013 /* goal_post.xcdatamodel */;
			path = goal_post.xcdatamodeld;
			sourceTree = "<group>";
			versionGroupType = wrapper.xcdatamodel;
		};
/* End XCVersionGroup section */
	};
	rootObject = 8B785C381FAA3F3000857013 /* Project object */;
}
