// !$*UTF8*$!
{
	archiveVersion = 1;
	classes = {
	};
	objectVersion = 48;
	objects = {

/* Begin PBXBuildFile section */
		4FD365B028D1033F0DE26005 /* Pods_pixel_city.framework in Frameworks */ = {isa = PBXBuildFile; fileRef = BCF9C396FE6B842B48C13A2E /* Pods_pixel_city.framework */; };
		8B613BD41FA71C3D009513FE /* AppDelegate.swift in Sources */ = {isa = PBXBuildFile; fileRef = 8B613BD31FA71C3D009513FE /* AppDelegate.swift */; };
		8B613BD61FA71C3D009513FE /* MapVC.swift in Sources */ = {isa = PBXBuildFile; fileRef = 8B613BD51FA71C3D009513FE /* MapVC.swift */; };
		8B613BD91FA71C3D009513FE /* Main.storyboard in Resources */ = {isa = PBXBuildFile; fileRef = 8B613BD71FA71C3D009513FE /* Main.storyboard */; };
		8B613BDB1FA71C3D009513FE /* Assets.xcassets in Resources */ = {isa = PBXBuildFile; fileRef = 8B613BDA1FA71C3D009513FE /* Assets.xcassets */; };
		8B613BDE1FA71C3D009513FE /* LaunchScreen.storyboard in Resources */ = {isa = PBXBuildFile; fileRef = 8B613BDC1FA71C3D009513FE /* LaunchScreen.storyboard */; };
		8B77494E1FA8D0B50009BF0D /* PhotoCell.swift in Sources */ = {isa = PBXBuildFile; fileRef = 8B77494D1FA8D0B50009BF0D /* PhotoCell.swift */; };
		8B7749501FA8DB8B0009BF0D /* Constants.swift in Sources */ = {isa = PBXBuildFile; fileRef = 8B77494F1FA8DB8B0009BF0D /* Constants.swift */; };
		8BBE13601FA85CDC0033EB96 /* DroppablePin.swift in Sources */ = {isa = PBXBuildFile; fileRef = 8BBE135F1FA85CDC0033EB96 /* DroppablePin.swift */; };
		8BCAE8521FA790ED006DF1F8 /* MapKit.framework in Frameworks */ = {isa = PBXBuildFile; fileRef = 8BCAE8511FA790ED006DF1F8 /* MapKit.framework */; };
/* End PBXBuildFile section */

/* Begin PBXFileReference section */
		3A7FA4A65A806192204AB2CB /* Pods-pixel-city.release.xcconfig */ = {isa = PBXFileReference; includeInIndex = 1; lastKnownFileType = text.xcconfig; name = "Pods-pixel-city.release.xcconfig"; path = "Pods/Target Support Files/Pods-pixel-city/Pods-pixel-city.release.xcconfig"; sourceTree = "<group>"; };
		8B613BD01FA71C3D009513FE /* pixel-city.app */ = {isa = PBXFileReference; explicitFileType = wrapper.application; includeInIndex = 0; path = "pixel-city.app"; sourceTree = BUILT_PRODUCTS_DIR; };
		8B613BD31FA71C3D009513FE /* AppDelegate.swift */ = {isa = PBXFileReference; lastKnownFileType = sourcecode.swift; path = AppDelegate.swift; sourceTree = "<group>"; };
		8B613BD51FA71C3D009513FE /* MapVC.swift */ = {isa = PBXFileReference; lastKnownFileType = sourcecode.swift; path = MapVC.swift; sourceTree = "<group>"; };
		8B613BD81FA71C3D009513FE /* Base */ = {isa = PBXFileReference; lastKnownFileType = file.storyboard; name = Base; path = Base.lproj/Main.storyboard; sourceTree = "<group>"; };
		8B613BDA1FA71C3D009513FE /* Assets.xcassets */ = {isa = PBXFileReference; lastKnownFileType = folder.assetcatalog; path = Assets.xcassets; sourceTree = "<group>"; };
		8B613BDD1FA71C3D009513FE /* Base */ = {isa = PBXFileReference; lastKnownFileType = file.storyboard; name = Base; path = Base.lproj/LaunchScreen.storyboard; sourceTree = "<group>"; };
		8B613BDF1FA71C3D009513FE /* Info.plist */ = {isa = PBXFileReference; lastKnownFileType = text.plist.xml; path = Info.plist; sourceTree = "<group>"; };
		8B77494D1FA8D0B50009BF0D /* PhotoCell.swift */ = {isa = PBXFileReference; lastKnownFileType = sourcecode.swift; path = PhotoCell.swift; sourceTree = "<group>"; };
		8B77494F1FA8DB8B0009BF0D /* Constants.swift */ = {isa = PBXFileReference; lastKnownFileType = sourcecode.swift; path = Constants.swift; sourceTree = "<group>"; };
		8BBE135F1FA85CDC0033EB96 /* DroppablePin.swift */ = {isa = PBXFileReference; lastKnownFileType = sourcecode.swift; path = DroppablePin.swift; sourceTree = "<group>"; };
		8BCAE8511FA790ED006DF1F8 /* MapKit.framework */ = {isa = PBXFileReference; lastKnownFileType = wrapper.framework; name = MapKit.framework; path = System/Library/Frameworks/MapKit.framework; sourceTree = SDKROOT; };
		BCF9C396FE6B842B48C13A2E /* Pods_pixel_city.framework */ = {isa = PBXFileReference; explicitFileType = wrapper.framework; includeInIndex = 0; path = Pods_pixel_city.framework; sourceTree = BUILT_PRODUCTS_DIR; };
		E19362F6E443B36AE620C308 /* Pods-pixel-city.debug.xcconfig */ = {isa = PBXFileReference; includeInIndex = 1; lastKnownFileType = text.xcconfig; name = "Pods-pixel-city.debug.xcconfig"; path = "Pods/Target Support Files/Pods-pixel-city/Pods-pixel-city.debug.xcconfig"; sourceTree = "<group>"; };
/* End PBXFileReference section */

/* Begin PBXFrameworksBuildPhase section */
		8B613BCD1FA71C3D009513FE /* Frameworks */ = {
			isa = PBXFrameworksBuildPhase;
			buildActionMask = 2147483647;
			files = (
				8BCAE8521FA790ED006DF1F8 /* MapKit.framework in Frameworks */,
				4FD365B028D1033F0DE26005 /* Pods_pixel_city.framework in Frameworks */,
			);
			runOnlyForDeploymentPostprocessing = 0;
		};
/* End PBXFrameworksBuildPhase section */

/* Begin PBXGroup section */
		68AB4BCAC648B56513130A97 /* Frameworks */ = {
			isa = PBXGroup;
			children = (
				8BCAE8511FA790ED006DF1F8 /* MapKit.framework */,
				BCF9C396FE6B842B48C13A2E /* Pods_pixel_city.framework */,
			);
			name = Frameworks;
			sourceTree = "<group>";
		};
		8B613BC71FA71C3D009513FE = {
			isa = PBXGroup;
			children = (
				8B613BD21FA71C3D009513FE /* pixel-city */,
				8B613BD11FA71C3D009513FE /* Products */,
				F4077C01E12034DFB8F97B42 /* Pods */,
				68AB4BCAC648B56513130A97 /* Frameworks */,
			);
			sourceTree = "<group>";
		};
		8B613BD11FA71C3D009513FE /* Products */ = {
			isa = PBXGroup;
			children = (
				8B613BD01FA71C3D009513FE /* pixel-city.app */,
			);
			name = Products;
			sourceTree = "<group>";
		};
		8B613BD21FA71C3D009513FE /* pixel-city */ = {
			isa = PBXGroup;
			children = (
				8BE696991FA78126003C6378 /* Controller */,
				8BE696971FA78116003C6378 /* Extensions */,
				8BE6969A1FA7812D003C6378 /* Ultilities */,
				8BE696981FA78122003C6378 /* View */,
				8B613BDF1FA71C3D009513FE /* Info.plist */,
				8B613BD31FA71C3D009513FE /* AppDelegate.swift */,
				8B613BDA1FA71C3D009513FE /* Assets.xcassets */,
				8B613BDC1FA71C3D009513FE /* LaunchScreen.storyboard */,
				8B613BD71FA71C3D009513FE /* Main.storyboard */,
			);
			path = "pixel-city";
			sourceTree = "<group>";
		};
		8BE696971FA78116003C6378 /* Extensions */ = {
			isa = PBXGroup;
			children = (
			);
			path = Extensions;
			sourceTree = "<group>";
		};
		8BE696981FA78122003C6378 /* View */ = {
			isa = PBXGroup;
			children = (
				8BBE135F1FA85CDC0033EB96 /* DroppablePin.swift */,
				8B77494D1FA8D0B50009BF0D /* PhotoCell.swift */,
			);
			path = View;
			sourceTree = "<group>";
		};
		8BE696991FA78126003C6378 /* Controller */ = {
			isa = PBXGroup;
			children = (
				8B613BD51FA71C3D009513FE /* MapVC.swift */,
			);
			path = Controller;
			sourceTree = "<group>";
		};
		8BE6969A1FA7812D003C6378 /* Ultilities */ = {
			isa = PBXGroup;
			children = (
				8B77494F1FA8DB8B0009BF0D /* Constants.swift */,
			);
			path = Ultilities;
			sourceTree = "<group>";
		};
		F4077C01E12034DFB8F97B42 /* Pods */ = {
			isa = PBXGroup;
			children = (
				E19362F6E443B36AE620C308 /* Pods-pixel-city.debug.xcconfig */,
				3A7FA4A65A806192204AB2CB /* Pods-pixel-city.release.xcconfig */,
			);
			name = Pods;
			sourceTree = "<group>";
		};
/* End PBXGroup section */

/* Begin PBXNativeTarget section */
		8B613BCF1FA71C3D009513FE /* pixel-city */ = {
			isa = PBXNativeTarget;
			buildConfigurationList = 8B613BE21FA71C3D009513FE /* Build configuration list for PBXNativeTarget "pixel-city" */;
			buildPhases = (
				B3DF5385BD1E3832C2A1BB9F /* [CP] Check Pods Manifest.lock */,
				8B613BCC1FA71C3D009513FE /* Sources */,
				8B613BCD1FA71C3D009513FE /* Frameworks */,
				8B613BCE1FA71C3D009513FE /* Resources */,
				D0934087B2DA2C9FA9CE3482 /* [CP] Embed Pods Frameworks */,
				36D96510335C914071B56D34 /* [CP] Copy Pods Resources */,
			);
			buildRules = (
			);
			dependencies = (
			);
			name = "pixel-city";
			productName = "pixel-city";
			productReference = 8B613BD01FA71C3D009513FE /* pixel-city.app */;
			productType = "com.apple.product-type.application";
		};
/* End PBXNativeTarget section */

/* Begin PBXProject section */
		8B613BC81FA71C3D009513FE /* Project object */ = {
			isa = PBXProject;
			attributes = {
				LastSwiftUpdateCheck = 0900;
				LastUpgradeCheck = 0900;
				ORGANIZATIONNAME = PLIDS;
				TargetAttributes = {
					8B613BCF1FA71C3D009513FE = {
						CreatedOnToolsVersion = 9.0.1;
						ProvisioningStyle = Automatic;
						SystemCapabilities = {
							com.apple.Maps.iOS = {
								enabled = 1;
							};
						};
					};
				};
			};
			buildConfigurationList = 8B613BCB1FA71C3D009513FE /* Build configuration list for PBXProject "pixel-city" */;
			compatibilityVersion = "Xcode 8.0";
			developmentRegion = en;
			hasScannedForEncodings = 0;
			knownRegions = (
				en,
				Base,
			);
			mainGroup = 8B613BC71FA71C3D009513FE;
			productRefGroup = 8B613BD11FA71C3D009513FE /* Products */;
			projectDirPath = "";
			projectRoot = "";
			targets = (
				8B613BCF1FA71C3D009513FE /* pixel-city */,
			);
		};
/* End PBXProject section */

/* Begin PBXResourcesBuildPhase section */
		8B613BCE1FA71C3D009513FE /* Resources */ = {
			isa = PBXResourcesBuildPhase;
			buildActionMask = 2147483647;
			files = (
				8B613BDE1FA71C3D009513FE /* LaunchScreen.storyboard in Resources */,
				8B613BDB1FA71C3D009513FE /* Assets.xcassets in Resources */,
				8B613BD91FA71C3D009513FE /* Main.storyboard in Resources */,
			);
			runOnlyForDeploymentPostprocessing = 0;
		};
/* End PBXResourcesBuildPhase section */

/* Begin PBXShellScriptBuildPhase section */
		36D96510335C914071B56D34 /* [CP] Copy Pods Resources */ = {
			isa = PBXShellScriptBuildPhase;
			buildActionMask = 2147483647;
			files = (
			);
			inputPaths = (
			);
			name = "[CP] Copy Pods Resources";
			outputPaths = (
			);
			runOnlyForDeploymentPostprocessing = 0;
			shellPath = /bin/sh;
			shellScript = "\"${SRCROOT}/Pods/Target Support Files/Pods-pixel-city/Pods-pixel-city-resources.sh\"\n";
			showEnvVarsInLog = 0;
		};
		B3DF5385BD1E3832C2A1BB9F /* [CP] Check Pods Manifest.lock */ = {
			isa = PBXShellScriptBuildPhase;
			buildActionMask = 2147483647;
			files = (
			);
			inputPaths = (
				"${PODS_PODFILE_DIR_PATH}/Podfile.lock",
				"${PODS_ROOT}/Manifest.lock",
			);
			name = "[CP] Check Pods Manifest.lock";
			outputPaths = (
				"$(DERIVED_FILE_DIR)/Pods-pixel-city-checkManifestLockResult.txt",
			);
			runOnlyForDeploymentPostprocessing = 0;
			shellPath = /bin/sh;
			shellScript = "diff \"${PODS_PODFILE_DIR_PATH}/Podfile.lock\" \"${PODS_ROOT}/Manifest.lock\" > /dev/null\nif [ $? != 0 ] ; then\n    # print error to STDERR\n    echo \"error: The sandbox is not in sync with the Podfile.lock. Run 'pod install' or update your CocoaPods installation.\" >&2\n    exit 1\nfi\n# This output is used by Xcode 'outputs' to avoid re-running this script phase.\necho \"SUCCESS\" > \"${SCRIPT_OUTPUT_FILE_0}\"\n";
			showEnvVarsInLog = 0;
		};
		D0934087B2DA2C9FA9CE3482 /* [CP] Embed Pods Frameworks */ = {
			isa = PBXShellScriptBuildPhase;
			buildActionMask = 2147483647;
			files = (
			);
			inputPaths = (
				"${SRCROOT}/Pods/Target Support Files/Pods-pixel-city/Pods-pixel-city-frameworks.sh",
				"${BUILT_PRODUCTS_DIR}/Alamofire/Alamofire.framework",
				"${BUILT_PRODUCTS_DIR}/AlamofireImage/AlamofireImage.framework",
			);
			name = "[CP] Embed Pods Frameworks";
			outputPaths = (
				"${TARGET_BUILD_DIR}/${FRAMEWORKS_FOLDER_PATH}/Alamofire.framework",
				"${TARGET_BUILD_DIR}/${FRAMEWORKS_FOLDER_PATH}/AlamofireImage.framework",
			);
			runOnlyForDeploymentPostprocessing = 0;
			shellPath = /bin/sh;
			shellScript = "\"${SRCROOT}/Pods/Target Support Files/Pods-pixel-city/Pods-pixel-city-frameworks.sh\"\n";
			showEnvVarsInLog = 0;
		};
/* End PBXShellScriptBuildPhase section */

/* Begin PBXSourcesBuildPhase section */
		8B613BCC1FA71C3D009513FE /* Sources */ = {
			isa = PBXSourcesBuildPhase;
			buildActionMask = 2147483647;
			files = (
				8B7749501FA8DB8B0009BF0D /* Constants.swift in Sources */,
				8B77494E1FA8D0B50009BF0D /* PhotoCell.swift in Sources */,
				8B613BD61FA71C3D009513FE /* MapVC.swift in Sources */,
				8BBE13601FA85CDC0033EB96 /* DroppablePin.swift in Sources */,
				8B613BD41FA71C3D009513FE /* AppDelegate.swift in Sources */,
			);
			runOnlyForDeploymentPostprocessing = 0;
		};
/* End PBXSourcesBuildPhase section */

/* Begin PBXVariantGroup section */
		8B613BD71FA71C3D009513FE /* Main.storyboard */ = {
			isa = PBXVariantGroup;
			children = (
				8B613BD81FA71C3D009513FE /* Base */,
			);
			name = Main.storyboard;
			sourceTree = "<group>";
		};
		8B613BDC1FA71C3D009513FE /* LaunchScreen.storyboard */ = {
			isa = PBXVariantGroup;
			children = (
				8B613BDD1FA71C3D009513FE /* Base */,
			);
			name = LaunchScreen.storyboard;
			sourceTree = "<group>";
		};
/* End PBXVariantGroup section */

/* Begin XCBuildConfiguration section */
		8B613BE01FA71C3D009513FE /* Debug */ = {
			isa = XCBuildConfiguration;
			buildSettings = {
				ALWAYS_SEARCH_USER_PATHS = NO;
				CLANG_ANALYZER_NONNULL = YES;
				CLANG_ANALYZER_NUMBER_OBJECT_CONVERSION = YES_AGGRESSIVE;
				CLANG_CXX_LANGUAGE_STANDARD = "gnu++14";
				CLANG_CXX_LIBRARY = "libc++";
				CLANG_ENABLE_MODULES = YES;
				CLANG_ENABLE_OBJC_ARC = YES;
				CLANG_WARN_BLOCK_CAPTURE_AUTORELEASING = YES;
				CLANG_WARN_BOOL_CONVERSION = YES;
				CLANG_WARN_COMMA = YES;
				CLANG_WARN_CONSTANT_CONVERSION = YES;
				CLANG_WARN_DIRECT_OBJC_ISA_USAGE = YES_ERROR;
				CLANG_WARN_DOCUMENTATION_COMMENTS = YES;
				CLANG_WARN_EMPTY_BODY = YES;
				CLANG_WARN_ENUM_CONVERSION = YES;
				CLANG_WARN_INFINITE_RECURSION = YES;
				CLANG_WARN_INT_CONVERSION = YES;
				CLANG_WARN_NON_LITERAL_NULL_CONVERSION = YES;
				CLANG_WARN_OBJC_LITERAL_CONVERSION = YES;
				CLANG_WARN_OBJC_ROOT_CLASS = YES_ERROR;
				CLANG_WARN_RANGE_LOOP_ANALYSIS = YES;
				CLANG_WARN_STRICT_PROTOTYPES = YES;
				CLANG_WARN_SUSPICIOUS_MOVE = YES;
				CLANG_WARN_UNGUARDED_AVAILABILITY = YES_AGGRESSIVE;
				CLANG_WARN_UNREACHABLE_CODE = YES;
				CLANG_WARN__DUPLICATE_METHOD_MATCH = YES;
				CODE_SIGN_IDENTITY = "iPhone Developer";
				COPY_PHASE_STRIP = NO;
				DEBUG_INFORMATION_FORMAT = dwarf;
				ENABLE_STRICT_OBJC_MSGSEND = YES;
				ENABLE_TESTABILITY = YES;
				GCC_C_LANGUAGE_STANDARD = gnu11;
				GCC_DYNAMIC_NO_PIC = NO;
				GCC_NO_COMMON_BLOCKS = YES;
				GCC_OPTIMIZATION_LEVEL = 0;
				GCC_PREPROCESSOR_DEFINITIONS = (
					"DEBUG=1",
					"$(inherited)",
				);
				GCC_WARN_64_TO_32_BIT_CONVERSION = YES;
				GCC_WARN_ABOUT_RETURN_TYPE = YES_ERROR;
				GCC_WARN_UNDECLARED_SELECTOR = YES;
				GCC_WARN_UNINITIALIZED_AUTOS = YES_AGGRESSIVE;
				GCC_WARN_UNUSED_FUNCTION = YES;
				GCC_WARN_UNUSED_VARIABLE = YES;
				IPHONEOS_DEPLOYMENT_TARGET = 11.0;
				MTL_ENABLE_DEBUG_INFO = YES;
				ONLY_ACTIVE_ARCH = YES;
				SDKROOT = iphoneos;
				SWIFT_ACTIVE_COMPILATION_CONDITIONS = DEBUG;
				SWIFT_OPTIMIZATION_LEVEL = "-Onone";
			};
			name = Debug;
		};
		8B613BE11FA71C3D009513FE /* Release */ = {
			isa = XCBuildConfiguration;
			buildSettings = {
				ALWAYS_SEARCH_USER_PATHS = NO;
				CLANG_ANALYZER_NONNULL = YES;
				CLANG_ANALYZER_NUMBER_OBJECT_CONVERSION = YES_AGGRESSIVE;
				CLANG_CXX_LANGUAGE_STANDARD = "gnu++14";
				CLANG_CXX_LIBRARY = "libc++";
				CLANG_ENABLE_MODULES = YES;
				CLANG_ENABLE_OBJC_ARC = YES;
				CLANG_WARN_BLOCK_CAPTURE_AUTORELEASING = YES;
				CLANG_WARN_BOOL_CONVERSION = YES;
				CLANG_WARN_COMMA = YES;
				CLANG_WARN_CONSTANT_CONVERSION = YES;
				CLANG_WARN_DIRECT_OBJC_ISA_USAGE = YES_ERROR;
				CLANG_WARN_DOCUMENTATION_COMMENTS = YES;
				CLANG_WARN_EMPTY_BODY = YES;
				CLANG_WARN_ENUM_CONVERSION = YES;
				CLANG_WARN_INFINITE_RECURSION = YES;
				CLANG_WARN_INT_CONVERSION = YES;
				CLANG_WARN_NON_LITERAL_NULL_CONVERSION = YES;
				CLANG_WARN_OBJC_LITERAL_CONVERSION = YES;
				CLANG_WARN_OBJC_ROOT_CLASS = YES_ERROR;
				CLANG_WARN_RANGE_LOOP_ANALYSIS = YES;
				CLANG_WARN_STRICT_PROTOTYPES = YES;
				CLANG_WARN_SUSPICIOUS_MOVE = YES;
				CLANG_WARN_UNGUARDED_AVAILABILITY = YES_AGGRESSIVE;
				CLANG_WARN_UNREACHABLE_CODE = YES;
				CLANG_WARN__DUPLICATE_METHOD_MATCH = YES;
				CODE_SIGN_IDENTITY = "iPhone Developer";
				COPY_PHASE_STRIP = NO;
				DEBUG_INFORMATION_FORMAT = "dwarf-with-dsym";
				ENABLE_NS_ASSERTIONS = NO;
				ENABLE_STRICT_OBJC_MSGSEND = YES;
				GCC_C_LANGUAGE_STANDARD = gnu11;
				GCC_NO_COMMON_BLOCKS = YES;
				GCC_WARN_64_TO_32_BIT_CONVERSION = YES;
				GCC_WARN_ABOUT_RETURN_TYPE = YES_ERROR;
				GCC_WARN_UNDECLARED_SELECTOR = YES;
				GCC_WARN_UNINITIALIZED_AUTOS = YES_AGGRESSIVE;
				GCC_WARN_UNUSED_FUNCTION = YES;
				GCC_WARN_UNUSED_VARIABLE = YES;
				IPHONEOS_DEPLOYMENT_TARGET = 11.0;
				MTL_ENABLE_DEBUG_INFO = NO;
				SDKROOT = iphoneos;
				SWIFT_OPTIMIZATION_LEVEL = "-Owholemodule";
				VALIDATE_PRODUCT = YES;
			};
			name = Release;
		};
		8B613BE31FA71C3D009513FE /* Debug */ = {
			isa = XCBuildConfiguration;
			baseConfigurationReference = E19362F6E443B36AE620C308 /* Pods-pixel-city.debug.xcconfig */;
			buildSettings = {
				ASSETCATALOG_COMPILER_APPICON_NAME = AppIcon;
				CODE_SIGN_STYLE = Automatic;
				DEVELOPMENT_TEAM = Z2EU36AEXG;
				INFOPLIST_FILE = "pixel-city/Info.plist";
				LD_RUNPATH_SEARCH_PATHS = "$(inherited) @executable_path/Frameworks";
				PRODUCT_BUNDLE_IDENTIFIER = "com.plids.training.pixel-city";
				PRODUCT_NAME = "$(TARGET_NAME)";
				SWIFT_VERSION = 4.0;
				TARGETED_DEVICE_FAMILY = "1,2";
			};
			name = Debug;
		};
		8B613BE41FA71C3D009513FE /* Release */ = {
			isa = XCBuildConfiguration;
			baseConfigurationReference = 3A7FA4A65A806192204AB2CB /* Pods-pixel-city.release.xcconfig */;
			buildSettings = {
				ASSETCATALOG_COMPILER_APPICON_NAME = AppIcon;
				CODE_SIGN_STYLE = Automatic;
				DEVELOPMENT_TEAM = Z2EU36AEXG;
				INFOPLIST_FILE = "pixel-city/Info.plist";
				LD_RUNPATH_SEARCH_PATHS = "$(inherited) @executable_path/Frameworks";
				PRODUCT_BUNDLE_IDENTIFIER = "com.plids.training.pixel-city";
				PRODUCT_NAME = "$(TARGET_NAME)";
				SWIFT_VERSION = 4.0;
				TARGETED_DEVICE_FAMILY = "1,2";
			};
			name = Release;
		};
/* End XCBuildConfiguration section */

/* Begin XCConfigurationList section */
		8B613BCB1FA71C3D009513FE /* Build configuration list for PBXProject "pixel-city" */ = {
			isa = XCConfigurationList;
			buildConfigurations = (
				8B613BE01FA71C3D009513FE /* Debug */,
				8B613BE11FA71C3D009513FE /* Release */,
			);
			defaultConfigurationIsVisible = 0;
			defaultConfigurationName = Release;
		};
		8B613BE21FA71C3D009513FE /* Build configuration list for PBXNativeTarget "pixel-city" */ = {
			isa = XCConfigurationList;
			buildConfigurations = (
				8B613BE31FA71C3D009513FE /* Debug */,
				8B613BE41FA71C3D009513FE /* Release */,
			);
			defaultConfigurationIsVisible = 0;
			defaultConfigurationName = Release;
		};
/* End XCConfigurationList section */
	};
	rootObject = 8B613BC81FA71C3D009513FE /* Project object */;
}
